
Microsoft Visual Studio Solution File, Format Version 12.00
# Visual Studio Version 17
VisualStudioVersion = 17.11.35303.130
MinimumVisualStudioVersion = 10.0.40219.1
Project("{2150E333-8FDC-42A3-9474-1A3956D46DE8}") = "src", "src", "{827E0CD3-B72D-47B6-A68D-7590B98EB39B}"
EndProject
Project("{FAE04EC0-301F-11D3-BF4B-00C04F79EFBC}") = "PasswordManager.Core", "src\PasswordManager.Core\PasswordManager.Core.csproj", "{AEA04BE8-CF7E-44D6-A2AD-C9BFC5A5A0A7}"
EndProject
Project("{FAE04EC0-301F-11D3-BF4B-00C04F79EFBC}") = "PasswordManager.Infrastructure", "src\PasswordManager.Infrastructure\PasswordManager.Infrastructure.csproj", "{860C691C-4531-44F8-99B6-38E4251B5D2F}"
EndProject
Project("{FAE04EC0-301F-11D3-BF4B-00C04F79EFBC}") = "PasswordManager.Console", "src\PasswordManager.Console\PasswordManager.Console.csproj", "{12F1397E-6E2E-4CFA-AAA6-8FD67CE1424B}"
EndProject
Project("{FAE04EC0-301F-11D3-BF4B-00C04F79EFBC}") = "PasswordManager.Tests", "tests\PasswordManager.Tests\PasswordManager.Tests.csproj", "{DFDE50EF-081C-453D-A098-BCA1AFEBDC77}"
EndProject
Global
	GlobalSection(SolutionConfigurationPlatforms) = preSolution
		Debug|Any CPU = Debug|Any CPU
		Debug|x64 = Debug|x64
		Debug|x86 = Debug|x86
		Release|Any CPU = Release|Any CPU
		Release|x64 = Release|x64
		Release|x86 = Release|x86
	EndGlobalSection
	GlobalSection(ProjectConfigurationPlatforms) = postSolution
		{AEA04BE8-CF7E-44D6-A2AD-C9BFC5A5A0A7}.Debug|Any CPU.ActiveCfg = Debug|Any CPU
		{AEA04BE8-CF7E-44D6-A2AD-C9BFC5A5A0A7}.Debug|Any CPU.Build.0 = Debug|Any CPU
		{AEA04BE8-CF7E-44D6-A2AD-C9BFC5A5A0A7}.Debug|x64.ActiveCfg = Debug|Any CPU
		{AEA04BE8-CF7E-44D6-A2AD-C9BFC5A5A0A7}.Debug|x64.Build.0 = Debug|Any CPU
		{AEA04BE8-CF7E-44D6-A2AD-C9BFC5A5A0A7}.Debug|x86.ActiveCfg = Debug|Any CPU
		{AEA04BE8-CF7E-44D6-A2AD-C9BFC5A5A0A7}.Debug|x86.Build.0 = Debug|Any CPU
		{AEA04BE8-CF7E-44D6-A2AD-C9BFC5A5A0A7}.Release|Any CPU.ActiveCfg = Release|Any CPU
		{AEA04BE8-CF7E-44D6-A2AD-C9BFC5A5A0A7}.Release|Any CPU.Build.0 = Release|Any CPU
		{AEA04BE8-CF7E-44D6-A2AD-C9BFC5A5A0A7}.Release|x64.ActiveCfg = Release|Any CPU
		{AEA04BE8-CF7E-44D6-A2AD-C9BFC5A5A0A7}.Release|x64.Build.0 = Release|Any CPU
		{AEA04BE8-CF7E-44D6-A2AD-C9BFC5A5A0A7}.Release|x86.ActiveCfg = Release|Any CPU
		{AEA04BE8-CF7E-44D6-A2AD-C9BFC5A5A0A7}.Release|x86.Build.0 = Release|Any CPU
		{860C691C-4531-44F8-99B6-38E4251B5D2F}.Debug|Any CPU.ActiveCfg = Debug|Any CPU
		{860C691C-4531-44F8-99B6-38E4251B5D2F}.Debug|Any CPU.Build.0 = Debug|Any CPU
		{860C691C-4531-44F8-99B6-38E4251B5D2F}.Debug|x64.ActiveCfg = Debug|Any CPU
		{860C691C-4531-44F8-99B6-38E4251B5D2F}.Debug|x64.Build.0 = Debug|Any CPU
		{860C691C-4531-44F8-99B6-38E4251B5D2F}.Debug|x86.ActiveCfg = Debug|Any CPU
		{860C691C-4531-44F8-99B6-38E4251B5D2F}.Debug|x86.Build.0 = Debug|Any CPU
		{860C691C-4531-44F8-99B6-38E4251B5D2F}.Release|Any CPU.ActiveCfg = Release|Any CPU
		{860C691C-4531-44F8-99B6-38E4251B5D2F}.Release|Any CPU.Build.0 = Release|Any CPU
		{860C691C-4531-44F8-99B6-38E4251B5D2F}.Release|x64.ActiveCfg = Release|Any CPU
		{860C691C-4531-44F8-99B6-38E4251B5D2F}.Release|x64.Build.0 = Release|Any CPU
		{860C691C-4531-44F8-99B6-38E4251B5D2F}.Release|x86.ActiveCfg = Release|Any CPU
		{860C691C-4531-44F8-99B6-38E4251B5D2F}.Release|x86.Build.0 = Release|Any CPU
		{12F1397E-6E2E-4CFA-AAA6-8FD67CE1424B}.Debug|Any CPU.ActiveCfg = Debug|Any CPU
		{12F1397E-6E2E-4CFA-AAA6-8FD67CE1424B}.Debug|Any CPU.Build.0 = Debug|Any CPU
		{12F1397E-6E2E-4CFA-AAA6-8FD67CE1424B}.Debug|x64.ActiveCfg = Debug|Any CPU
		{12F1397E-6E2E-4CFA-AAA6-8FD67CE1424B}.Debug|x64.Build.0 = Debug|Any CPU
		{12F1397E-6E2E-4CFA-AAA6-8FD67CE1424B}.Debug|x86.ActiveCfg = Debug|Any CPU
		{12F1397E-6E2E-4CFA-AAA6-8FD67CE1424B}.Debug|x86.Build.0 = Debug|Any CPU
		{12F1397E-6E2E-4CFA-AAA6-8FD67CE1424B}.Release|Any CPU.ActiveCfg = Release|Any CPU
		{12F1397E-6E2E-4CFA-AAA6-8FD67CE1424B}.Release|Any CPU.Build.0 = Release|Any CPU
		{12F1397E-6E2E-4CFA-AAA6-8FD67CE1424B}.Release|x64.ActiveCfg = Release|Any CPU
		{12F1397E-6E2E-4CFA-AAA6-8FD67CE1424B}.Release|x64.Build.0 = Release|Any CPU
		{12F1397E-6E2E-4CFA-AAA6-8FD67CE1424B}.Release|x86.ActiveCfg = Release|Any CPU
		{12F1397E-6E2E-4CFA-AAA6-8FD67CE1424B}.Release|x86.Build.0 = Release|Any CPU
		{DFDE50EF-081C-453D-A098-BCA1AFEBDC77}.Debug|Any CPU.ActiveCfg = Debug|Any CPU
		{DFDE50EF-081C-453D-A098-BCA1AFEBDC77}.Debug|Any CPU.Build.0 = Debug|Any CPU
		{DFDE50EF-081C-453D-A098-BCA1AFEBDC77}.Debug|x64.ActiveCfg = Debug|Any CPU
		{DFDE50EF-081C-453D-A098-BCA1AFEBDC77}.Debug|x64.Build.0 = Debug|Any CPU
		{DFDE50EF-081C-453D-A098-BCA1AFEBDC77}.Debug|x86.ActiveCfg = Debug|Any CPU
		{DFDE50EF-081C-453D-A098-BCA1AFEBDC77}.Debug|x86.Build.0 = Debug|Any CPU
		{DFDE50EF-081C-453D-A098-BCA1AFEBDC77}.Release|Any CPU.ActiveCfg = Release|Any CPU
		{DFDE50EF-081C-453D-A098-BCA1AFEBDC77}.Release|Any CPU.Build.0 = Release|Any CPU
		{DFDE50EF-081C-453D-A098-BCA1AFEBDC77}.Release|x64.ActiveCfg = Release|Any CPU
		{DFDE50EF-081C-453D-A098-BCA1AFEBDC77}.Release|x64.Build.0 = Release|Any CPU
		{DFDE50EF-081C-453D-A098-BCA1AFEBDC77}.Release|x86.ActiveCfg = Release|Any CPU
		{DFDE50EF-081C-453D-A098-BCA1AFEBDC77}.Release|x86.Build.0 = Release|Any CPU
	EndGlobalSection
	GlobalSection(SolutionProperties) = preSolution
		HideSolutionNode = FALSE
	EndGlobalSection
	GlobalSection(NestedProjects) = preSolution
		{AEA04BE8-CF7E-44D6-A2AD-C9BFC5A5A0A7} = {827E0CD3-B72D-47B6-A68D-7590B98EB39B}
		{860C691C-4531-44F8-99B6-38E4251B5D2F} = {827E0CD3-B72D-47B6-A68D-7590B98EB39B}
		{12F1397E-6E2E-4CFA-AAA6-8FD67CE1424B} = {827E0CD3-B72D-47B6-A68D-7590B98EB39B}
		{DFDE50EF-081C-453D-A098-BCA1AFEBDC77} = {827E0CD3-B72D-47B6-A68D-7590B98EB39B}
	EndGlobalSection
	GlobalSection(ExtensibilityGlobals) = postSolution
		SolutionGuid = {29743F4D-4800-4958-AA50-9CB3184DC11E}
	EndGlobalSection
EndGlobal
